
Microsoft Visual Studio Solution File, Format Version 12.00
# Visual Studio Version 17
VisualStudioVersion = 17.10.34916.146
MinimumVisualStudioVersion = 10.0.40219.1
Project("{FAE04EC0-301F-11D3-BF4B-00C04F79EFBC}") = "522_Lyulina", "522_Lyulina.csproj", "{1CE882B8-5594-4C49-B52B-2DFCDB4AD3C5}"
EndProject
Global
	GlobalSection(SolutionConfigurationPlatforms) = preSolution
		Debug|Any CPU = Debug|Any CPU
		Release|Any CPU = Release|Any CPU
	EndGlobalSection
	GlobalSection(ProjectConfigurationPlatforms) = postSolution
		{1CE882B8-5594-4C49-B52B-2DFCDB4AD3C5}.Debug|Any CPU.ActiveCfg = Debug|Any CPU
		{1CE882B8-5594-4C49-B52B-2DFCDB4AD3C5}.Debug|Any CPU.Build.0 = Debug|Any CPU
		{1CE882B8-5594-4C49-B52B-2DFCDB4AD3C5}.Release|Any CPU.ActiveCfg = Release|Any CPU
		{1CE882B8-5594-4C49-B52B-2DFCDB4AD3C5}.Release|Any CPU.Build.0 = Release|Any CPU
	EndGlobalSection
	GlobalSection(SolutionProperties) = preSolution
		HideSolutionNode = FALSE
	EndGlobalSection
	GlobalSection(ExtensibilityGlobals) = postSolution
		SolutionGuid = {74F20645-CAA0-4348-950D-63B13C039E81}
	EndGlobalSection
EndGlobal
